
Microsoft Visual Studio Solution File, Format Version 12.00
# Visual Studio 2013
VisualStudioVersion = 12.0.40629.0
MinimumVisualStudioVersion = 10.0.40219.1
Project("{FAE04EC0-301F-11D3-BF4B-00C04F79EFBC}") = "PasswordBox", "PasswordBox\PasswordBox.csproj", "{D48190CD-88F0-498B-8F83-B79A41C7AC46}"
EndProject
Project("{FAE04EC0-301F-11D3-BF4B-00C04F79EFBC}") = "MessageDialog", "MessageDialog\MessageDialog.csproj", "{4BE3CDC2-5DA9-4ABF-B7F9-5CC902D7E50C}"
EndProject
Project("{FAE04EC0-301F-11D3-BF4B-00C04F79EFBC}") = "MessageDialogApp", "MessageDialogApp\MessageDialogApp.csproj", "{A2FB13B1-6D0E-4D3A-8790-523DB4B6218D}"
EndProject
Project("{FAE04EC0-301F-11D3-BF4B-00C04F79EFBC}") = "CustomTextBox", "CustomTextBox\CustomTextBox.csproj", "{9B6E4625-E057-47C0-B5C2-26CFADC5754D}"
EndProject
Project("{2150E333-8FDC-42A3-9474-1A3956D46DE8}") = ".nuget", ".nuget", "{8710218E-10B2-4DD7-92EA-34518CC2A663}"
	ProjectSection(SolutionItems) = preProject
		.nuget\NuGet.Config = .nuget\NuGet.Config
		.nuget\NuGet.exe = .nuget\NuGet.exe
		.nuget\NuGet.targets = .nuget\NuGet.targets
	EndProjectSection
EndProject
Project("{FAE04EC0-301F-11D3-BF4B-00C04F79EFBC}") = "NavigationSearchBar", "NavigationSearchBar\NavigationSearchBar.csproj", "{7380A45A-F655-423B-A17F-382E3A7E95F1}"
EndProject
Global
	GlobalSection(SolutionConfigurationPlatforms) = preSolution
		Debug|Any CPU = Debug|Any CPU
		Debug|ARM = Debug|ARM
		Debug|x86 = Debug|x86
		Release|Any CPU = Release|Any CPU
		Release|ARM = Release|ARM
		Release|x86 = Release|x86
	EndGlobalSection
	GlobalSection(ProjectConfigurationPlatforms) = postSolution
		{D48190CD-88F0-498B-8F83-B79A41C7AC46}.Debug|Any CPU.ActiveCfg = Debug|Any CPU
		{D48190CD-88F0-498B-8F83-B79A41C7AC46}.Debug|Any CPU.Build.0 = Debug|Any CPU
		{D48190CD-88F0-498B-8F83-B79A41C7AC46}.Debug|Any CPU.Deploy.0 = Debug|Any CPU
		{D48190CD-88F0-498B-8F83-B79A41C7AC46}.Debug|ARM.ActiveCfg = Debug|ARM
		{D48190CD-88F0-498B-8F83-B79A41C7AC46}.Debug|ARM.Build.0 = Debug|ARM
		{D48190CD-88F0-498B-8F83-B79A41C7AC46}.Debug|ARM.Deploy.0 = Debug|ARM
		{D48190CD-88F0-498B-8F83-B79A41C7AC46}.Debug|x86.ActiveCfg = Debug|x86
		{D48190CD-88F0-498B-8F83-B79A41C7AC46}.Debug|x86.Build.0 = Debug|x86
		{D48190CD-88F0-498B-8F83-B79A41C7AC46}.Debug|x86.Deploy.0 = Debug|x86
		{D48190CD-88F0-498B-8F83-B79A41C7AC46}.Release|Any CPU.ActiveCfg = Release|Any CPU
		{D48190CD-88F0-498B-8F83-B79A41C7AC46}.Release|Any CPU.Build.0 = Release|Any CPU
		{D48190CD-88F0-498B-8F83-B79A41C7AC46}.Release|Any CPU.Deploy.0 = Release|Any CPU
		{D48190CD-88F0-498B-8F83-B79A41C7AC46}.Release|ARM.ActiveCfg = Release|ARM
		{D48190CD-88F0-498B-8F83-B79A41C7AC46}.Release|ARM.Build.0 = Release|ARM
		{D48190CD-88F0-498B-8F83-B79A41C7AC46}.Release|ARM.Deploy.0 = Release|ARM
		{D48190CD-88F0-498B-8F83-B79A41C7AC46}.Release|x86.ActiveCfg = Release|x86
		{D48190CD-88F0-498B-8F83-B79A41C7AC46}.Release|x86.Build.0 = Release|x86
		{D48190CD-88F0-498B-8F83-B79A41C7AC46}.Release|x86.Deploy.0 = Release|x86
		{4BE3CDC2-5DA9-4ABF-B7F9-5CC902D7E50C}.Debug|Any CPU.ActiveCfg = Debug|Any CPU
		{4BE3CDC2-5DA9-4ABF-B7F9-5CC902D7E50C}.Debug|Any CPU.Build.0 = Debug|Any CPU
		{4BE3CDC2-5DA9-4ABF-B7F9-5CC902D7E50C}.Debug|ARM.ActiveCfg = Debug|ARM
		{4BE3CDC2-5DA9-4ABF-B7F9-5CC902D7E50C}.Debug|ARM.Build.0 = Debug|ARM
		{4BE3CDC2-5DA9-4ABF-B7F9-5CC902D7E50C}.Debug|x86.ActiveCfg = Debug|x86
		{4BE3CDC2-5DA9-4ABF-B7F9-5CC902D7E50C}.Debug|x86.Build.0 = Debug|x86
		{4BE3CDC2-5DA9-4ABF-B7F9-5CC902D7E50C}.Release|Any CPU.ActiveCfg = Release|Any CPU
		{4BE3CDC2-5DA9-4ABF-B7F9-5CC902D7E50C}.Release|Any CPU.Build.0 = Release|Any CPU
		{4BE3CDC2-5DA9-4ABF-B7F9-5CC902D7E50C}.Release|ARM.ActiveCfg = Release|ARM
		{4BE3CDC2-5DA9-4ABF-B7F9-5CC902D7E50C}.Release|ARM.Build.0 = Release|ARM
		{4BE3CDC2-5DA9-4ABF-B7F9-5CC902D7E50C}.Release|x86.ActiveCfg = Release|x86
		{4BE3CDC2-5DA9-4ABF-B7F9-5CC902D7E50C}.Release|x86.Build.0 = Release|x86
		{A2FB13B1-6D0E-4D3A-8790-523DB4B6218D}.Debug|Any CPU.ActiveCfg = Debug|Any CPU
		{A2FB13B1-6D0E-4D3A-8790-523DB4B6218D}.Debug|Any CPU.Build.0 = Debug|Any CPU
		{A2FB13B1-6D0E-4D3A-8790-523DB4B6218D}.Debug|Any CPU.Deploy.0 = Debug|Any CPU
		{A2FB13B1-6D0E-4D3A-8790-523DB4B6218D}.Debug|ARM.ActiveCfg = Debug|ARM
		{A2FB13B1-6D0E-4D3A-8790-523DB4B6218D}.Debug|ARM.Build.0 = Debug|ARM
		{A2FB13B1-6D0E-4D3A-8790-523DB4B6218D}.Debug|ARM.Deploy.0 = Debug|ARM
		{A2FB13B1-6D0E-4D3A-8790-523DB4B6218D}.Debug|x86.ActiveCfg = Debug|x86
		{A2FB13B1-6D0E-4D3A-8790-523DB4B6218D}.Debug|x86.Build.0 = Debug|x86
		{A2FB13B1-6D0E-4D3A-8790-523DB4B6218D}.Debug|x86.Deploy.0 = Debug|x86
		{A2FB13B1-6D0E-4D3A-8790-523DB4B6218D}.Release|Any CPU.ActiveCfg = Release|Any CPU
		{A2FB13B1-6D0E-4D3A-8790-523DB4B6218D}.Release|Any CPU.Build.0 = Release|Any CPU
		{A2FB13B1-6D0E-4D3A-8790-523DB4B6218D}.Release|Any CPU.Deploy.0 = Release|Any CPU
		{A2FB13B1-6D0E-4D3A-8790-523DB4B6218D}.Release|ARM.ActiveCfg = Release|ARM
		{A2FB13B1-6D0E-4D3A-8790-523DB4B6218D}.Release|ARM.Build.0 = Release|ARM
		{A2FB13B1-6D0E-4D3A-8790-523DB4B6218D}.Release|ARM.Deploy.0 = Release|ARM
		{A2FB13B1-6D0E-4D3A-8790-523DB4B6218D}.Release|x86.ActiveCfg = Release|x86
		{A2FB13B1-6D0E-4D3A-8790-523DB4B6218D}.Release|x86.Build.0 = Release|x86
		{A2FB13B1-6D0E-4D3A-8790-523DB4B6218D}.Release|x86.Deploy.0 = Release|x86
		{9B6E4625-E057-47C0-B5C2-26CFADC5754D}.Debug|Any CPU.ActiveCfg = Debug|Any CPU
		{9B6E4625-E057-47C0-B5C2-26CFADC5754D}.Debug|Any CPU.Build.0 = Debug|Any CPU
		{9B6E4625-E057-47C0-B5C2-26CFADC5754D}.Debug|Any CPU.Deploy.0 = Debug|Any CPU
		{9B6E4625-E057-47C0-B5C2-26CFADC5754D}.Debug|ARM.ActiveCfg = Debug|ARM
		{9B6E4625-E057-47C0-B5C2-26CFADC5754D}.Debug|ARM.Build.0 = Debug|ARM
		{9B6E4625-E057-47C0-B5C2-26CFADC5754D}.Debug|ARM.Deploy.0 = Debug|ARM
		{9B6E4625-E057-47C0-B5C2-26CFADC5754D}.Debug|x86.ActiveCfg = Debug|x86
		{9B6E4625-E057-47C0-B5C2-26CFADC5754D}.Debug|x86.Build.0 = Debug|x86
		{9B6E4625-E057-47C0-B5C2-26CFADC5754D}.Debug|x86.Deploy.0 = Debug|x86
		{9B6E4625-E057-47C0-B5C2-26CFADC5754D}.Release|Any CPU.ActiveCfg = Release|Any CPU
		{9B6E4625-E057-47C0-B5C2-26CFADC5754D}.Release|Any CPU.Build.0 = Release|Any CPU
		{9B6E4625-E057-47C0-B5C2-26CFADC5754D}.Release|Any CPU.Deploy.0 = Release|Any CPU
		{9B6E4625-E057-47C0-B5C2-26CFADC5754D}.Release|ARM.ActiveCfg = Release|ARM
		{9B6E4625-E057-47C0-B5C2-26CFADC5754D}.Release|ARM.Build.0 = Release|ARM
		{9B6E4625-E057-47C0-B5C2-26CFADC5754D}.Release|ARM.Deploy.0 = Release|ARM
		{9B6E4625-E057-47C0-B5C2-26CFADC5754D}.Release|x86.ActiveCfg = Release|x86
		{9B6E4625-E057-47C0-B5C2-26CFADC5754D}.Release|x86.Build.0 = Release|x86
		{9B6E4625-E057-47C0-B5C2-26CFADC5754D}.Release|x86.Deploy.0 = Release|x86
		{7380A45A-F655-423B-A17F-382E3A7E95F1}.Debug|Any CPU.ActiveCfg = Debug|Any CPU
		{7380A45A-F655-423B-A17F-382E3A7E95F1}.Debug|Any CPU.Build.0 = Debug|Any CPU
		{7380A45A-F655-423B-A17F-382E3A7E95F1}.Debug|Any CPU.Deploy.0 = Debug|Any CPU
		{7380A45A-F655-423B-A17F-382E3A7E95F1}.Debug|ARM.ActiveCfg = Debug|ARM
		{7380A45A-F655-423B-A17F-382E3A7E95F1}.Debug|ARM.Build.0 = Debug|ARM
		{7380A45A-F655-423B-A17F-382E3A7E95F1}.Debug|ARM.Deploy.0 = Debug|ARM
		{7380A45A-F655-423B-A17F-382E3A7E95F1}.Debug|x86.ActiveCfg = Debug|x86
		{7380A45A-F655-423B-A17F-382E3A7E95F1}.Debug|x86.Build.0 = Debug|x86
		{7380A45A-F655-423B-A17F-382E3A7E95F1}.Debug|x86.Deploy.0 = Debug|x86
		{7380A45A-F655-423B-A17F-382E3A7E95F1}.Release|Any CPU.ActiveCfg = Release|Any CPU
		{7380A45A-F655-423B-A17F-382E3A7E95F1}.Release|Any CPU.Build.0 = Release|Any CPU
		{7380A45A-F655-423B-A17F-382E3A7E95F1}.Release|Any CPU.Deploy.0 = Release|Any CPU
		{7380A45A-F655-423B-A17F-382E3A7E95F1}.Release|ARM.ActiveCfg = Release|ARM
		{7380A45A-F655-423B-A17F-382E3A7E95F1}.Release|ARM.Build.0 = Release|ARM
		{7380A45A-F655-423B-A17F-382E3A7E95F1}.Release|ARM.Deploy.0 = Release|ARM
		{7380A45A-F655-423B-A17F-382E3A7E95F1}.Release|x86.ActiveCfg = Release|x86
		{7380A45A-F655-423B-A17F-382E3A7E95F1}.Release|x86.Build.0 = Release|x86
		{7380A45A-F655-423B-A17F-382E3A7E95F1}.Release|x86.Deploy.0 = Release|x86
	EndGlobalSection
	GlobalSection(SolutionProperties) = preSolution
		HideSolutionNode = FALSE
	EndGlobalSection
EndGlobal
